
Microsoft Visual Studio Solution File, Format Version 12.00
# Visual Studio Version 16
VisualStudioVersion = 16.0.31129.286
MinimumVisualStudioVersion = 10.0.40219.1
Project("{9A19103F-16F7-4668-BE54-9A1E7A4F7556}") = "WebAPI.Main", "netcoreapi\WebAPI.Main.csproj", "{0FEB1311-5D54-4AC4-BD5B-B9DEFEAE6CD9}"
EndProject
Project("{FAE04EC0-301F-11D3-BF4B-00C04F79EFBC}") = "WebAPI.Main.Test", "WebAPI.Main.Test\WebAPI.Main.Test.csproj", "{3A191EFC-9A47-4908-8233-D3F6CEA60FCE}"
EndProject
Global
	GlobalSection(SolutionConfigurationPlatforms) = preSolution
		Debug|Any CPU = Debug|Any CPU
		Release|Any CPU = Release|Any CPU
	EndGlobalSection
	GlobalSection(ProjectConfigurationPlatforms) = postSolution
		{0FEB1311-5D54-4AC4-BD5B-B9DEFEAE6CD9}.Debug|Any CPU.ActiveCfg = Debug|Any CPU
		{0FEB1311-5D54-4AC4-BD5B-B9DEFEAE6CD9}.Debug|Any CPU.Build.0 = Debug|Any CPU
		{0FEB1311-5D54-4AC4-BD5B-B9DEFEAE6CD9}.Release|Any CPU.ActiveCfg = Release|Any CPU
		{0FEB1311-5D54-4AC4-BD5B-B9DEFEAE6CD9}.Release|Any CPU.Build.0 = Release|Any CPU
		{3A191EFC-9A47-4908-8233-D3F6CEA60FCE}.Debug|Any CPU.ActiveCfg = Debug|Any CPU
		{3A191EFC-9A47-4908-8233-D3F6CEA60FCE}.Debug|Any CPU.Build.0 = Debug|Any CPU
		{3A191EFC-9A47-4908-8233-D3F6CEA60FCE}.Release|Any CPU.ActiveCfg = Release|Any CPU
		{3A191EFC-9A47-4908-8233-D3F6CEA60FCE}.Release|Any CPU.Build.0 = Release|Any CPU
	EndGlobalSection
	GlobalSection(SolutionProperties) = preSolution
		HideSolutionNode = FALSE
	EndGlobalSection
	GlobalSection(ExtensibilityGlobals) = postSolution
		SolutionGuid = {7F5FFC01-6422-4731-B5AD-9419A3A996AB}
	EndGlobalSection
EndGlobal
